
Microsoft Visual Studio Solution File, Format Version 12.00
# Visual Studio 15
VisualStudioVersion = 15.0.28307.1705
MinimumVisualStudioVersion = 10.0.40219.1
Project("{8BC9CEB8-8B4A-11D0-8D11-00A0C91BC942}") = "HW", "HW\HW.vcxproj", "{ACA5CA8B-4F74-45DD-98D0-5DD5BA375E8D}"
EndProject
Global
	GlobalSection(SolutionConfigurationPlatforms) = preSolution
		Debug|x64 = Debug|x64
		Debug|x86 = Debug|x86
		Release|x64 = Release|x64
		Release|x86 = Release|x86
	EndGlobalSection
	GlobalSection(ProjectConfigurationPlatforms) = postSolution
		{ACA5CA8B-4F74-45DD-98D0-5DD5BA375E8D}.Debug|x64.ActiveCfg = Debug|x64
		{ACA5CA8B-4F74-45DD-98D0-5DD5BA375E8D}.Debug|x64.Build.0 = Debug|x64
		{ACA5CA8B-4F74-45DD-98D0-5DD5BA375E8D}.Debug|x86.ActiveCfg = Debug|Win32
		{ACA5CA8B-4F74-45DD-98D0-5DD5BA375E8D}.Debug|x86.Build.0 = Debug|Win32
		{ACA5CA8B-4F74-45DD-98D0-5DD5BA375E8D}.Release|x64.ActiveCfg = Release|x64
		{ACA5CA8B-4F74-45DD-98D0-5DD5BA375E8D}.Release|x64.Build.0 = Release|x64
		{ACA5CA8B-4F74-45DD-98D0-5DD5BA375E8D}.Release|x86.ActiveCfg = Release|Win32
		{ACA5CA8B-4F74-45DD-98D0-5DD5BA375E8D}.Release|x86.Build.0 = Release|Win32
	EndGlobalSection
	GlobalSection(SolutionProperties) = preSolution
		HideSolutionNode = FALSE
	EndGlobalSection
	GlobalSection(ExtensibilityGlobals) = postSolution
		SolutionGuid = {F4172A72-3D67-49AB-B610-FECA622FEB14}
	EndGlobalSection
EndGlobal
